{
  "comment": "Generated by `pub build`: each slug and the object it became. Do not edit.",
  "corpus": {
    "domain": "pub:sha2-256:in4ep6bxkmo2pfus7ugocibigqnpc27ld5pxylscd3gxffn6gl4q",
    "generation": {
      "cid": "pub:sha2-256:p5hu6acdws4hxbdd36pkedhgey6mv3gvhvfp3qgtym362ritseaq",
      "index": 3
    },
    "imports": {},
    "key": "pub:sha2-256:ks7g2ycpdnhjdtsn3sfoiqoh2tazwtiwr2emxut3ugourttnnbka",
    "parents": [
      {
        "alias": "base",
        "generation": "pub:sha2-256:qr33pbzszqngs4h6zq3sn622bihxa3vqqlt6t3wn225pv5dbc44q",
        "index": 3,
        "key": "pub:sha2-256:caycsumztxqrdpsyrkwx23iapfmhk4wxgkyiy6he2msfbcaz3gbq"
      }
    ]
  },
  "publets": [
    {"slug": "pkg.pubkit", "kind": "doc", "tag": "PKG-PUBKIT-10-2026", "source": "publets/pkg.pubkit", "cid": "pub:sha2-256:xys4mxq4c52fk2egtz5uo7msilftkozchuhynyhayco5qntvwuda", "genesis": "pub:sha2-256:t3qh7yksriibaz5hp7sr7zy3m7pt7dfnord3ssv7myzgttuwxwuq", "deps": ["pkg.pubkit#identity", "pkg.pubkit#release"]},
    {"slug": "pkg.pubkit#identity", "kind": "claim", "source": "publets/pkg.pubkit", "cid": "pub:sha2-256:b47aaygwdj57fvaxyrplau4d53lhezg3el3p5u4ad4mxucwieh7a", "genesis": "pub:sha2-256:ymxkdj7f6qfwx76kq6h7dkh34rj2w2djbldpzbq5fm7u6wwtg35q", "deps": []},
    {"slug": "pkg.pubkit#release", "kind": "claim", "source": "publets/pkg.pubkit", "cid": "pub:sha2-256:woki2j32lrcsuaipwag5f2l6f3tp2ehzk7lqwxrarhurmpsb4jxq", "genesis": "pub:sha2-256:cfwviqjxqsb5fgdgfdgat2qjaz4mmwsxp4vk4w6cgkkooo6xdfwq", "deps": ["pkg.pubkit#identity"]}
  ]
}
