{
  "comment": "Generated by `pub build`: each slug and the object it became. Do not edit.",
  "corpus": {
    "domain": "pub:sha2-256:in4ep6bxkmo2pfus7ugocibigqnpc27ld5pxylscd3gxffn6gl4q",
    "generation": {
      "cid": "pub:sha2-256:sxspsb4tw5zm7t3rj6nnnkbmj6auvw6mmhxcjqkkizf6umetd4qa",
      "index": 5
    },
    "imports": {},
    "key": "pub:sha2-256:ks7g2ycpdnhjdtsn3sfoiqoh2tazwtiwr2emxut3ugourttnnbka",
    "parents": [
      {
        "alias": "base",
        "generation": "pub:sha2-256:qr33pbzszqngs4h6zq3sn622bihxa3vqqlt6t3wn225pv5dbc44q",
        "index": 3,
        "key": "pub:sha2-256:caycsumztxqrdpsyrkwx23iapfmhk4wxgkyiy6he2msfbcaz3gbq"
      }
    ]
  },
  "publets": [
    {"slug": "pkg.pubkit", "kind": "doc", "tag": "PKG-PUBKIT-10-2026", "source": "publets/pkg.pubkit", "cid": "pub:sha2-256:yezwwfwxhuxm7ueupstturqnjejta3rvkhkp22gqvbl3m6d3v6za", "genesis": "pub:sha2-256:t3qh7yksriibaz5hp7sr7zy3m7pt7dfnord3ssv7myzgttuwxwuq", "deps": ["pkg.pubkit#identity", "pkg.pubkit#release"]},
    {"slug": "pkg.pubkit#identity", "kind": "claim", "source": "publets/pkg.pubkit", "cid": "pub:sha2-256:iac7tiyf3wxgzlaw4gpekiebiiwn4gfejy7nacw7rvchv4sq6ryq", "genesis": "pub:sha2-256:ymxkdj7f6qfwx76kq6h7dkh34rj2w2djbldpzbq5fm7u6wwtg35q", "deps": []},
    {"slug": "pkg.pubkit#release", "kind": "claim", "source": "publets/pkg.pubkit", "cid": "pub:sha2-256:i2ld2zh6nu34fznypgfnv6ftwxkhtlu7mnpnp6rqx6t4n6mnmbsq", "genesis": "pub:sha2-256:cfwviqjxqsb5fgdgfdgat2qjaz4mmwsxp4vk4w6cgkkooo6xdfwq", "deps": ["pkg.pubkit#identity"]}
  ]
}
