# Generated by `pubkit lock` from requirements.txt. Do not edit.
# Installed with --require-hashes: a changed artifact fails the install.

execnet==2.1.2 \
    --hash=sha256:67fba928dd5a544b783f6056f449e5e3931a5c378b128bc18501f7ea79e296ec
gherkin-official==29.0.0 \
    --hash=sha256:26967b0d537a302119066742669e0e8b663e632769330be675457ae993e1d1bc
iniconfig==2.3.0 \
    --hash=sha256:f631c04d2c48c52b84d0d0549c99ff3859c98df65b3101406327ecc7d53fbf12
Mako==1.4.3 \
    --hash=sha256:723296007c870bfd6b3f0c3230dba7198096e5269297ebf5e4eff9e7ffa39d4f
MarkupSafe==3.0.4 \
    --hash=sha256:a8e9f292fcda89b324f2f5c91d13f1424a153e40fc2756f38ee23b15835ff300
packaging==26.3 \
    --hash=sha256:d7193f7c8e4e93f444fde0262bf90af30e16fa0ad0ad44cb553c87339b23cd1c
parse==1.22.2 \
    --hash=sha256:b8ed6f889ca625b6b3aed4ec1439eb9421fde31814c2b1d550ccd8df5733a5b6
parse_type==0.6.6 \
    --hash=sha256:3ca79bbe71e170dfccc8ec6c341edfd1c2a0fc1e5cfd18330f93af938de2348c
pluggy==1.6.0 \
    --hash=sha256:e920276dd6813095e9377c0bc5566d94c932c33b27a3e3945d8389c374dd4746
Pygments==2.21.0 \
    --hash=sha256:2363c69b61c4a97c838da3b130dcd6468f4848992b21a82f2a63ec34377137d9
pytest==9.0.2 \
    --hash=sha256:711ffd45bf766d5264d487b917733b453d917afd2b0ad65223959f59089f875b
pytest-bdd==8.1.0 \
    --hash=sha256:2124051e71a05ad7db15296e39013593f72ebf96796e1b023a40e5453c47e5fb
pytest-xdist==3.8.0 \
    --hash=sha256:202ca578cfeb7370784a8c33d6d05bc6e13b4f25b5053c30a152269fd10f0b88
six==1.17.0 \
    --hash=sha256:4721f391ed90541fddacab5acf947aa0d3dc7d27b2e1e8eda2be8970586c3274
typing_extensions==4.16.0 \
    --hash=sha256:481caa481374e813c1b176ada14e97f1f67a4539ce9cfeb3f350d78d6370c2e8
